
Microsoft Visual Studio Solution File, Format Version 12.00
# Visual Studio Version 17
VisualStudioVersion = 17.8.34330.188
MinimumVisualStudioVersion = 10.0.40219.1
Project("{54A90642-561A-4BB1-A94E-469ADEE60C69}") = "Cindy.Client", "Cindy.Client\Cindy.Client.esproj", "{5FB56016-6159-4C43-9D65-A51996F7A27A}"
EndProject
Project("{9092AA53-FB77-4645-B42D-1CCCA6BD08BD}") = "Cindy.Server", "Cindy.Server\Cindy.Server.njsproj", "{C074C178-FCCB-46C7-B353-7BB4F1DD1FA3}"
EndProject
Global
	GlobalSection(SolutionConfigurationPlatforms) = preSolution
		Debug|Any CPU = Debug|Any CPU
		Release|Any CPU = Release|Any CPU
	EndGlobalSection
	GlobalSection(ProjectConfigurationPlatforms) = postSolution
		{5FB56016-6159-4C43-9D65-A51996F7A27A}.Debug|Any CPU.ActiveCfg = Debug|Any CPU
		{5FB56016-6159-4C43-9D65-A51996F7A27A}.Debug|Any CPU.Build.0 = Debug|Any CPU
		{5FB56016-6159-4C43-9D65-A51996F7A27A}.Debug|Any CPU.Deploy.0 = Debug|Any CPU
		{5FB56016-6159-4C43-9D65-A51996F7A27A}.Release|Any CPU.ActiveCfg = Release|Any CPU
		{5FB56016-6159-4C43-9D65-A51996F7A27A}.Release|Any CPU.Build.0 = Release|Any CPU
		{5FB56016-6159-4C43-9D65-A51996F7A27A}.Release|Any CPU.Deploy.0 = Release|Any CPU
		{C074C178-FCCB-46C7-B353-7BB4F1DD1FA3}.Debug|Any CPU.ActiveCfg = Debug|Any CPU
		{C074C178-FCCB-46C7-B353-7BB4F1DD1FA3}.Debug|Any CPU.Build.0 = Debug|Any CPU
		{C074C178-FCCB-46C7-B353-7BB4F1DD1FA3}.Release|Any CPU.ActiveCfg = Release|Any CPU
		{C074C178-FCCB-46C7-B353-7BB4F1DD1FA3}.Release|Any CPU.Build.0 = Release|Any CPU
	EndGlobalSection
	GlobalSection(SolutionProperties) = preSolution
		HideSolutionNode = FALSE
	EndGlobalSection
	GlobalSection(ExtensibilityGlobals) = postSolution
		SolutionGuid = {950E4939-CF73-4474-B5C7-31BBA7B9F874}
	EndGlobalSection
EndGlobal
